
Microsoft Visual Studio Solution File, Format Version 12.00
Project("{FAE04EC0-301F-11D3-BF4B-00C04F79EFBC}") = "GangsAPI", "src\GangsAPI\GangsAPI.csproj", "{787D12D8-1310-4042-ADCE-102E517F269E}"
EndProject
Project("{FAE04EC0-301F-11D3-BF4B-00C04F79EFBC}") = "Gangs", "src\CS2\Gangs\Gangs.csproj", "{3EA38296-9022-4874-8309-872388D884DE}"
EndProject
Project("{FAE04EC0-301F-11D3-BF4B-00C04F79EFBC}") = "GangsTest", "src\GangsTest\GangsTest.csproj", "{B1D1E7C7-BDF3-4238-9025-4FEB2B7DAB89}"
EndProject
Project("{FAE04EC0-301F-11D3-BF4B-00C04F79EFBC}") = "Mock", "src\GangsImpl\Mock\Mock.csproj", "{140E1706-30E8-4440-AAA0-56E8DD32F054}"
EndProject
Project("{2150E333-8FDC-42A3-9474-1A3956D46DE8}") = "GangsImpl", "src\GangsImpl", "{3AB7703F-880F-4A41-96EE-B891FA888C65}"
EndProject
Project("{FAE04EC0-301F-11D3-BF4B-00C04F79EFBC}") = "MySQL", "src\GangsImpl\MySQL\MySQL.csproj", "{1899055E-62B8-4907-85A2-DFE22531729E}"
EndProject
Project("{FAE04EC0-301F-11D3-BF4B-00C04F79EFBC}") = "AbstractDB", "src\GangsImpl\AbstractDB\AbstractDB.csproj", "{74B15261-4B12-4EF6-859A-E46B315E7DD3}"
EndProject
Project("{FAE04EC0-301F-11D3-BF4B-00C04F79EFBC}") = "SQLite", "src\GangsImpl\SQLite\SQLite.csproj", "{5186EA9C-D2A4-4D70-8F52-0D6C7B6A61B6}"
EndProject
Project("{2150E333-8FDC-42A3-9474-1A3956D46DE8}") = "CS2", "CS2", "{AC07CD29-5C9D-4AD1-99C7-01DABAB8D0EC}"
EndProject
Project("{FAE04EC0-301F-11D3-BF4B-00C04F79EFBC}") = "Commands", "src\CS2\Commands\Commands.csproj", "{C7DF1D47-8D2B-4651-98AB-AEEBE5860ECA}"
EndProject
Project("{FAE04EC0-301F-11D3-BF4B-00C04F79EFBC}") = "Stats", "src\GangsImpl\Stats\Stats.csproj", "{BA8D993B-754E-4BB4-B103-482A4F779404}"
EndProject
Project("{2150E333-8FDC-42A3-9474-1A3956D46DE8}") = "SQL", "SQL", "{32D392D5-C809-45A1-A5FB-58C941D86057}"
EndProject
Project("{FAE04EC0-301F-11D3-BF4B-00C04F79EFBC}") = "Menu", "src\GangsImpl\Menu\Menu.csproj", "{8A5BF266-2ABE-4ABA-91A6-680DC31CAF70}"
EndProject
Project("{FAE04EC0-301F-11D3-BF4B-00C04F79EFBC}") = "StatsTracker", "src\StatsTracker\StatsTracker.csproj", "{B850CFA3-AFE8-4012-8BC2-9A4BC12B9748}"
EndProject
Project("{FAE04EC0-301F-11D3-BF4B-00C04F79EFBC}") = "EcoRewards", "EcoRewards\EcoRewards.csproj", "{253C7948-3411-4860-BDDE-B1CA23FCE4DC}"
EndProject
Global
	GlobalSection(SolutionConfigurationPlatforms) = preSolution
		Debug|Any CPU = Debug|Any CPU
		Release|Any CPU = Release|Any CPU
	EndGlobalSection
	GlobalSection(ProjectConfigurationPlatforms) = postSolution
		{787D12D8-1310-4042-ADCE-102E517F269E}.Debug|Any CPU.ActiveCfg = Debug|Any CPU
		{787D12D8-1310-4042-ADCE-102E517F269E}.Debug|Any CPU.Build.0 = Debug|Any CPU
		{787D12D8-1310-4042-ADCE-102E517F269E}.Release|Any CPU.ActiveCfg = Release|Any CPU
		{787D12D8-1310-4042-ADCE-102E517F269E}.Release|Any CPU.Build.0 = Release|Any CPU
		{3EA38296-9022-4874-8309-872388D884DE}.Debug|Any CPU.ActiveCfg = Debug|Any CPU
		{3EA38296-9022-4874-8309-872388D884DE}.Debug|Any CPU.Build.0 = Debug|Any CPU
		{3EA38296-9022-4874-8309-872388D884DE}.Release|Any CPU.ActiveCfg = Release|Any CPU
		{3EA38296-9022-4874-8309-872388D884DE}.Release|Any CPU.Build.0 = Release|Any CPU
		{B1D1E7C7-BDF3-4238-9025-4FEB2B7DAB89}.Debug|Any CPU.ActiveCfg = Debug|Any CPU
		{B1D1E7C7-BDF3-4238-9025-4FEB2B7DAB89}.Debug|Any CPU.Build.0 = Debug|Any CPU
		{B1D1E7C7-BDF3-4238-9025-4FEB2B7DAB89}.Release|Any CPU.ActiveCfg = Release|Any CPU
		{B1D1E7C7-BDF3-4238-9025-4FEB2B7DAB89}.Release|Any CPU.Build.0 = Release|Any CPU
		{140E1706-30E8-4440-AAA0-56E8DD32F054}.Debug|Any CPU.ActiveCfg = Debug|Any CPU
		{140E1706-30E8-4440-AAA0-56E8DD32F054}.Debug|Any CPU.Build.0 = Debug|Any CPU
		{140E1706-30E8-4440-AAA0-56E8DD32F054}.Release|Any CPU.ActiveCfg = Release|Any CPU
		{140E1706-30E8-4440-AAA0-56E8DD32F054}.Release|Any CPU.Build.0 = Release|Any CPU
		{1899055E-62B8-4907-85A2-DFE22531729E}.Debug|Any CPU.ActiveCfg = Debug|Any CPU
		{1899055E-62B8-4907-85A2-DFE22531729E}.Debug|Any CPU.Build.0 = Debug|Any CPU
		{1899055E-62B8-4907-85A2-DFE22531729E}.Release|Any CPU.ActiveCfg = Release|Any CPU
		{1899055E-62B8-4907-85A2-DFE22531729E}.Release|Any CPU.Build.0 = Release|Any CPU
		{74B15261-4B12-4EF6-859A-E46B315E7DD3}.Debug|Any CPU.ActiveCfg = Debug|Any CPU
		{74B15261-4B12-4EF6-859A-E46B315E7DD3}.Debug|Any CPU.Build.0 = Debug|Any CPU
		{74B15261-4B12-4EF6-859A-E46B315E7DD3}.Release|Any CPU.ActiveCfg = Release|Any CPU
		{74B15261-4B12-4EF6-859A-E46B315E7DD3}.Release|Any CPU.Build.0 = Release|Any CPU
		{5186EA9C-D2A4-4D70-8F52-0D6C7B6A61B6}.Debug|Any CPU.ActiveCfg = Debug|Any CPU
		{5186EA9C-D2A4-4D70-8F52-0D6C7B6A61B6}.Debug|Any CPU.Build.0 = Debug|Any CPU
		{5186EA9C-D2A4-4D70-8F52-0D6C7B6A61B6}.Release|Any CPU.ActiveCfg = Release|Any CPU
		{5186EA9C-D2A4-4D70-8F52-0D6C7B6A61B6}.Release|Any CPU.Build.0 = Release|Any CPU
		{C7DF1D47-8D2B-4651-98AB-AEEBE5860ECA}.Debug|Any CPU.ActiveCfg = Debug|Any CPU
		{C7DF1D47-8D2B-4651-98AB-AEEBE5860ECA}.Debug|Any CPU.Build.0 = Debug|Any CPU
		{C7DF1D47-8D2B-4651-98AB-AEEBE5860ECA}.Release|Any CPU.ActiveCfg = Release|Any CPU
		{C7DF1D47-8D2B-4651-98AB-AEEBE5860ECA}.Release|Any CPU.Build.0 = Release|Any CPU
		{BA8D993B-754E-4BB4-B103-482A4F779404}.Debug|Any CPU.ActiveCfg = Debug|Any CPU
		{BA8D993B-754E-4BB4-B103-482A4F779404}.Debug|Any CPU.Build.0 = Debug|Any CPU
		{BA8D993B-754E-4BB4-B103-482A4F779404}.Release|Any CPU.ActiveCfg = Release|Any CPU
		{BA8D993B-754E-4BB4-B103-482A4F779404}.Release|Any CPU.Build.0 = Release|Any CPU
		{8A5BF266-2ABE-4ABA-91A6-680DC31CAF70}.Debug|Any CPU.ActiveCfg = Debug|Any CPU
		{8A5BF266-2ABE-4ABA-91A6-680DC31CAF70}.Debug|Any CPU.Build.0 = Debug|Any CPU
		{8A5BF266-2ABE-4ABA-91A6-680DC31CAF70}.Release|Any CPU.ActiveCfg = Release|Any CPU
		{8A5BF266-2ABE-4ABA-91A6-680DC31CAF70}.Release|Any CPU.Build.0 = Release|Any CPU
		{B850CFA3-AFE8-4012-8BC2-9A4BC12B9748}.Debug|Any CPU.ActiveCfg = Debug|Any CPU
		{B850CFA3-AFE8-4012-8BC2-9A4BC12B9748}.Debug|Any CPU.Build.0 = Debug|Any CPU
		{B850CFA3-AFE8-4012-8BC2-9A4BC12B9748}.Release|Any CPU.ActiveCfg = Release|Any CPU
		{B850CFA3-AFE8-4012-8BC2-9A4BC12B9748}.Release|Any CPU.Build.0 = Release|Any CPU
		{253C7948-3411-4860-BDDE-B1CA23FCE4DC}.Debug|Any CPU.ActiveCfg = Debug|Any CPU
		{253C7948-3411-4860-BDDE-B1CA23FCE4DC}.Debug|Any CPU.Build.0 = Debug|Any CPU
		{253C7948-3411-4860-BDDE-B1CA23FCE4DC}.Release|Any CPU.ActiveCfg = Release|Any CPU
		{253C7948-3411-4860-BDDE-B1CA23FCE4DC}.Release|Any CPU.Build.0 = Release|Any CPU
	EndGlobalSection
	GlobalSection(NestedProjects) = preSolution
		{74B15261-4B12-4EF6-859A-E46B315E7DD3} = {3AB7703F-880F-4A41-96EE-B891FA888C65}
		{140E1706-30E8-4440-AAA0-56E8DD32F054} = {3AB7703F-880F-4A41-96EE-B891FA888C65}
		{3EA38296-9022-4874-8309-872388D884DE} = {AC07CD29-5C9D-4AD1-99C7-01DABAB8D0EC}
		{C7DF1D47-8D2B-4651-98AB-AEEBE5860ECA} = {AC07CD29-5C9D-4AD1-99C7-01DABAB8D0EC}
		{BA8D993B-754E-4BB4-B103-482A4F779404} = {3AB7703F-880F-4A41-96EE-B891FA888C65}
		{32D392D5-C809-45A1-A5FB-58C941D86057} = {3AB7703F-880F-4A41-96EE-B891FA888C65}
		{5186EA9C-D2A4-4D70-8F52-0D6C7B6A61B6} = {32D392D5-C809-45A1-A5FB-58C941D86057}
		{1899055E-62B8-4907-85A2-DFE22531729E} = {32D392D5-C809-45A1-A5FB-58C941D86057}
		{8A5BF266-2ABE-4ABA-91A6-680DC31CAF70} = {3AB7703F-880F-4A41-96EE-B891FA888C65}
		{B850CFA3-AFE8-4012-8BC2-9A4BC12B9748} = {AC07CD29-5C9D-4AD1-99C7-01DABAB8D0EC}
		{253C7948-3411-4860-BDDE-B1CA23FCE4DC} = {AC07CD29-5C9D-4AD1-99C7-01DABAB8D0EC}
	EndGlobalSection
EndGlobal
