
Microsoft Visual Studio Solution File, Format Version 12.00
Project("{FAE04EC0-301F-11D3-BF4B-00C04F79EFBC}") = "GangsAPI", "GangsAPI\GangsAPI.csproj", "{787D12D8-1310-4042-ADCE-102E517F269E}"
EndProject
Project("{FAE04EC0-301F-11D3-BF4B-00C04F79EFBC}") = "GangsPlugin", "GangsPlugin\GangsPlugin.csproj", "{3EA38296-9022-4874-8309-872388D884DE}"
EndProject
Project("{FAE04EC0-301F-11D3-BF4B-00C04F79EFBC}") = "GangsTest", "GangsTest\GangsTest.csproj", "{B1D1E7C7-BDF3-4238-9025-4FEB2B7DAB89}"
EndProject
Project("{FAE04EC0-301F-11D3-BF4B-00C04F79EFBC}") = "GangsImpl.Mock", "GangsImpl.Mock\GangsImpl.Mock.csproj", "{140E1706-30E8-4440-AAA0-56E8DD32F054}"
EndProject
Project("{FAE04EC0-301F-11D3-BF4B-00C04F79EFBC}") = "GangsImpl.SQL", "GangsImpl.SQL\GangsImpl.SQL.csproj", "{7F519D8B-63B5-4628-9806-5E9FE79F9797}"
EndProject
Global
	GlobalSection(SolutionConfigurationPlatforms) = preSolution
		Debug|Any CPU = Debug|Any CPU
		Release|Any CPU = Release|Any CPU
	EndGlobalSection
	GlobalSection(ProjectConfigurationPlatforms) = postSolution
		{787D12D8-1310-4042-ADCE-102E517F269E}.Debug|Any CPU.ActiveCfg = Debug|Any CPU
		{787D12D8-1310-4042-ADCE-102E517F269E}.Debug|Any CPU.Build.0 = Debug|Any CPU
		{787D12D8-1310-4042-ADCE-102E517F269E}.Release|Any CPU.ActiveCfg = Release|Any CPU
		{787D12D8-1310-4042-ADCE-102E517F269E}.Release|Any CPU.Build.0 = Release|Any CPU
		{3EA38296-9022-4874-8309-872388D884DE}.Debug|Any CPU.ActiveCfg = Debug|Any CPU
		{3EA38296-9022-4874-8309-872388D884DE}.Debug|Any CPU.Build.0 = Debug|Any CPU
		{3EA38296-9022-4874-8309-872388D884DE}.Release|Any CPU.ActiveCfg = Release|Any CPU
		{3EA38296-9022-4874-8309-872388D884DE}.Release|Any CPU.Build.0 = Release|Any CPU
		{B1D1E7C7-BDF3-4238-9025-4FEB2B7DAB89}.Debug|Any CPU.ActiveCfg = Debug|Any CPU
		{B1D1E7C7-BDF3-4238-9025-4FEB2B7DAB89}.Debug|Any CPU.Build.0 = Debug|Any CPU
		{B1D1E7C7-BDF3-4238-9025-4FEB2B7DAB89}.Release|Any CPU.ActiveCfg = Release|Any CPU
		{B1D1E7C7-BDF3-4238-9025-4FEB2B7DAB89}.Release|Any CPU.Build.0 = Release|Any CPU
		{140E1706-30E8-4440-AAA0-56E8DD32F054}.Debug|Any CPU.ActiveCfg = Debug|Any CPU
		{140E1706-30E8-4440-AAA0-56E8DD32F054}.Debug|Any CPU.Build.0 = Debug|Any CPU
		{140E1706-30E8-4440-AAA0-56E8DD32F054}.Release|Any CPU.ActiveCfg = Release|Any CPU
		{140E1706-30E8-4440-AAA0-56E8DD32F054}.Release|Any CPU.Build.0 = Release|Any CPU
		{7F519D8B-63B5-4628-9806-5E9FE79F9797}.Debug|Any CPU.ActiveCfg = Debug|Any CPU
		{7F519D8B-63B5-4628-9806-5E9FE79F9797}.Debug|Any CPU.Build.0 = Debug|Any CPU
		{7F519D8B-63B5-4628-9806-5E9FE79F9797}.Release|Any CPU.ActiveCfg = Release|Any CPU
		{7F519D8B-63B5-4628-9806-5E9FE79F9797}.Release|Any CPU.Build.0 = Release|Any CPU
	EndGlobalSection
EndGlobal
